
Microsoft Visual Studio Solution File, Format Version 12.00
# Visual Studio Version 17
VisualStudioVersion = 17.13.35818.85 d17.13
MinimumVisualStudioVersion = 10.0.40219.1
Project("{FAE04EC0-301F-11D3-BF4B-00C04F79EFBC}") = "modul9_2211104002", "modul9_2211104002\modul9_2211104002.csproj", "{225DEC3D-9B7C-4112-9737-31E47E101203}"
EndProject
Global
	GlobalSection(SolutionConfigurationPlatforms) = preSolution
		Debug|Any CPU = Debug|Any CPU
		Release|Any CPU = Release|Any CPU
	EndGlobalSection
	GlobalSection(ProjectConfigurationPlatforms) = postSolution
		{225DEC3D-9B7C-4112-9737-31E47E101203}.Debug|Any CPU.ActiveCfg = Debug|Any CPU
		{225DEC3D-9B7C-4112-9737-31E47E101203}.Debug|Any CPU.Build.0 = Debug|Any CPU
		{225DEC3D-9B7C-4112-9737-31E47E101203}.Release|Any CPU.ActiveCfg = Release|Any CPU
		{225DEC3D-9B7C-4112-9737-31E47E101203}.Release|Any CPU.Build.0 = Release|Any CPU
	EndGlobalSection
	GlobalSection(SolutionProperties) = preSolution
		HideSolutionNode = FALSE
	EndGlobalSection
	GlobalSection(ExtensibilityGlobals) = postSolution
		SolutionGuid = {428517BF-086D-4AEE-B669-AB4D13C26481}
	EndGlobalSection
EndGlobal
